Microsoft Visual Studio Solution File, Format Version 12.00
# Visual Studio 2012
Project("{FAE04EC0-301F-11D3-BF4B-00C04F79EFBC}") = "GodotComponentSystem", "GodotComponentSystem.csproj", "{A16CA671-95D4-4F85-9435-7699E7EC3B9D}"
EndProject
Global
	GlobalSection(SolutionConfigurationPlatforms) = preSolution
	Debug|Any CPU = Debug|Any CPU
	Release|Any CPU = Release|Any CPU
	Tools|Any CPU = Tools|Any CPU
	EndGlobalSection
	GlobalSection(ProjectConfigurationPlatforms) = postSolution
		{A16CA671-95D4-4F85-9435-7699E7EC3B9D}.Debug|Any CPU.ActiveCfg = Debug|Any CPU
		{A16CA671-95D4-4F85-9435-7699E7EC3B9D}.Debug|Any CPU.Build.0 = Debug|Any CPU
		{A16CA671-95D4-4F85-9435-7699E7EC3B9D}.Release|Any CPU.ActiveCfg = Release|Any CPU
		{A16CA671-95D4-4F85-9435-7699E7EC3B9D}.Release|Any CPU.Build.0 = Release|Any CPU
		{A16CA671-95D4-4F85-9435-7699E7EC3B9D}.Tools|Any CPU.ActiveCfg = Tools|Any CPU
		{A16CA671-95D4-4F85-9435-7699E7EC3B9D}.Tools|Any CPU.Build.0 = Tools|Any CPU
	EndGlobalSection
EndGlobal
